<?xml version="1.0" encoding="utf-8"?>
<Project ToolsVersion="4.0" xmlns="http://schemas.microsoft.com/developer/msbuild/2003">
  <ItemGroup>
    <ClCompile Include="main.cpp" />
    <ClCompile Include="sys_utils.cpp">
      <Filter>common</Filter>
    </ClCompile>
    <ClCompile Include="socket_address.cpp">
      <Filter>sockets</Filter>
    </ClCompile>
    <ClCompile Include="udp_socket.cpp">
      <Filter>sockets</Filter>
    </ClCompile>
    <ClCompile Include="socket_util.cpp">
      <Filter>sockets</Filter>
    </ClCompile>
    <ClCompile Include="log.cpp">
      <Filter>logging</Filter>
    </ClCompile>
    <ClCompile Include="sockets.cpp">
      <Filter>sockets</Filter>
    </ClCompile>
    <ClCompile Include="tcp_socket.cpp">
      <Filter>sockets</Filter>
    </ClCompile>
    <ClCompile Include="streams.cpp">
      <Filter>streams</Filter>
    </ClCompile>
    <ClCompile Include="game_objects.cpp">
      <Filter>game</Filter>
    </ClCompile>
    <ClCompile Include="linking_context.cpp">
      <Filter>game</Filter>
    </ClCompile>
    <ClCompile Include="entity_registry.cpp">
      <Filter>game</Filter>
    </ClCompile>
    <ClCompile Include="bit_streams.cpp">
      <Filter>streams</Filter>
    </ClCompile>
    <ClCompile Include="multiplayer.cpp">
      <Filter>multiplayer</Filter>
    </ClCompile>
    <ClCompile Include="network_manager_client.cpp">
      <Filter>multiplayer\client</Filter>
    </ClCompile>
    <ClCompile Include="network_manager_server.cpp">
      <Filter>multiplayer\server</Filter>
    </ClCompile>
    <ClCompile Include="network_manager_shared.cpp">
      <Filter>multiplayer\shared</Filter>
    </ClCompile>
    <ClCompile Include="input.cpp">
      <Filter>game</Filter>
    </ClCompile>
    <ClCompile Include="replication_manager_shared.cpp">
      <Filter>multiplayer\shared</Filter>
    </ClCompile>
    <ClCompile Include="game_objects_server.cpp">
      <Filter>game\server</Filter>
    </ClCompile>
    <ClCompile Include="math_utils.cpp">
      <Filter>common</Filter>
    </ClCompile>
    <ClCompile Include="delivery_notification_manager.cpp">
      <Filter>multiplayer\shared</Filter>
    </ClCompile>
  </ItemGroup>
  <ItemGroup>
    <Filter Include="sockets">
      <UniqueIdentifier>{ea0b85c7-09b1-4ee7-80c5-5d233345bb49}</UniqueIdentifier>
    </Filter>
    <Filter Include="logging">
      <UniqueIdentifier>{2cf6b4d8-8854-48be-aa4a-fcfdbb4c702d}</UniqueIdentifier>
    </Filter>
    <Filter Include="common">
      <UniqueIdentifier>{9924537b-912c-4a55-bd96-d3a895b0f10a}</UniqueIdentifier>
    </Filter>
    <Filter Include="streams">
      <UniqueIdentifier>{49fe107a-8b66-4ab6-94fc-6650b72c453c}</UniqueIdentifier>
    </Filter>
    <Filter Include="game">
      <UniqueIdentifier>{c803f526-2b83-4631-9230-f4a3d57c259f}</UniqueIdentifier>
    </Filter>
    <Filter Include="multiplayer">
      <UniqueIdentifier>{0e7a452b-4750-4b86-a239-771473283501}</UniqueIdentifier>
    </Filter>
    <Filter Include="multiplayer\client">
      <UniqueIdentifier>{13e4e784-c06d-4b80-833e-05a264f4b4a3}</UniqueIdentifier>
    </Filter>
    <Filter Include="multiplayer\shared">
      <UniqueIdentifier>{2302d55a-6303-4e1a-9b1c-965fe9cb34b1}</UniqueIdentifier>
    </Filter>
    <Filter Include="multiplayer\server">
      <UniqueIdentifier>{91d4bd0a-370e-4706-b418-f0702d91eb65}</UniqueIdentifier>
    </Filter>
    <Filter Include="game\server">
      <UniqueIdentifier>{bdee1a54-4fb7-4286-af17-2f9df7fca33c}</UniqueIdentifier>
    </Filter>
  </ItemGroup>
  <ItemGroup>
    <ClInclude Include="sockets.h">
      <Filter>sockets</Filter>
    </ClInclude>
    <ClInclude Include="log.h">
      <Filter>logging</Filter>
    </ClInclude>
    <ClInclude Include="array_utils.h">
      <Filter>common</Filter>
    </ClInclude>
    <ClInclude Include="sys_utils.h">
      <Filter>common</Filter>
    </ClInclude>
    <ClInclude Include="udp_socket.h">
      <Filter>sockets</Filter>
    </ClInclude>
    <ClInclude Include="socket_address.h">
      <Filter>sockets</Filter>
    </ClInclude>
    <ClInclude Include="socket_util.h">
      <Filter>sockets</Filter>
    </ClInclude>
    <ClInclude Include="tcp_socket.h">
      <Filter>sockets</Filter>
    </ClInclude>
    <ClInclude Include="streams.h">
      <Filter>streams</Filter>
    </ClInclude>
    <ClInclude Include="game_objects.h">
      <Filter>game</Filter>
    </ClInclude>
    <ClInclude Include="math_utils.h">
      <Filter>common</Filter>
    </ClInclude>
    <ClInclude Include="render_utils.h">
      <Filter>common</Filter>
    </ClInclude>
    <ClInclude Include="linking_context.h">
      <Filter>game</Filter>
    </ClInclude>
    <ClInclude Include="entity_registry.h">
      <Filter>game</Filter>
    </ClInclude>
    <ClInclude Include="bit_streams.h">
      <Filter>streams</Filter>
    </ClInclude>
    <ClInclude Include="network_utils.h">
      <Filter>common</Filter>
    </ClInclude>
    <ClInclude Include="multiplayer.h">
      <Filter>multiplayer</Filter>
    </ClInclude>
    <ClInclude Include="network_manager_client.h">
      <Filter>multiplayer\client</Filter>
    </ClInclude>
    <ClInclude Include="timing_utils.h">
      <Filter>common</Filter>
    </ClInclude>
    <ClInclude Include="network_manager_server.h">
      <Filter>multiplayer\server</Filter>
    </ClInclude>
    <ClInclude Include="network_manager_shared.h">
      <Filter>multiplayer\shared</Filter>
    </ClInclude>
    <ClInclude Include="input.h">
      <Filter>game</Filter>
    </ClInclude>
    <ClInclude Include="replication_manager_shared.h">
      <Filter>multiplayer\shared</Filter>
    </ClInclude>
    <ClInclude Include="replication_manager_server.h">
      <Filter>multiplayer\server</Filter>
    </ClInclude>
    <ClInclude Include="game_objects_server.h">
      <Filter>game\server</Filter>
    </ClInclude>
    <ClInclude Include="delivery_notification_manager.h">
      <Filter>multiplayer\shared</Filter>
    </ClInclude>
  </ItemGroup>
</Project>